
Microsoft Visual Studio Solution File, Format Version 12.00
# Visual Studio Version 16
VisualStudioVersion = 16.0.29209.62
MinimumVisualStudioVersion = 10.0.40219.1
Project("{FAE04EC0-301F-11D3-BF4B-00C04F79EFBC}") = "Semesterprojekt_2020", "Semesterprojekt_2020\Semesterprojekt_2020.csproj", "{5C6A2AB0-C5FE-4634-9E70-182D91CE2C12}"
EndProject
Global
	GlobalSection(SolutionConfigurationPlatforms) = preSolution
		Debug|Any CPU = Debug|Any CPU
		Release|Any CPU = Release|Any CPU
	EndGlobalSection
	GlobalSection(ProjectConfigurationPlatforms) = postSolution
		{5C6A2AB0-C5FE-4634-9E70-182D91CE2C12}.Debug|Any CPU.ActiveCfg = Debug|Any CPU
		{5C6A2AB0-C5FE-4634-9E70-182D91CE2C12}.Debug|Any CPU.Build.0 = Debug|Any CPU
		{5C6A2AB0-C5FE-4634-9E70-182D91CE2C12}.Release|Any CPU.ActiveCfg = Release|Any CPU
		{5C6A2AB0-C5FE-4634-9E70-182D91CE2C12}.Release|Any CPU.Build.0 = Release|Any CPU
	EndGlobalSection
	GlobalSection(SolutionProperties) = preSolution
		HideSolutionNode = FALSE
	EndGlobalSection
	GlobalSection(ExtensibilityGlobals) = postSolution
		SolutionGuid = {7F48DD8A-5287-42DA-AB62-A9D8D41B2746}
	EndGlobalSection
EndGlobal
